{
  "name": "actions-test",
  "version": "0.0.0",
  "lockfileVersion": 1,
  "requires": true,
  "dependencies": {
    "@types/node": {
      "version": "12.20.17",
      "resolved": "https://registry.npmjs.org/@types/node/-/node-12.20.17.tgz",
      "integrity": "sha512-so8EHl4S6MmatPS0f9sE1ND94/ocbcEshW5OpyYthRqeRpiYyW2uXYTo/84kmfdfeNrDycARkvuiXl6nO40NGg=="
    },
    "alchemy-logging": {
      "version": "1.0.4",
      "resolved": "https://registry.npmjs.org/alchemy-logging/-/alchemy-logging-1.0.4.tgz",
      "integrity": "sha512-6ULSzeG2UOiHpGe9ex+w6e0mOj4KJex42APmfImx02Iee1nqDsuI77OFU02hSribotABEQkcIeU2kTGg7r86JQ==",
      "requires": {
        "@types/node": "^12.12.5",
        "deepcopy": "^2.0.0",
        "typescript": "^3.6.4"
      }
    },
    "deepcopy": {
      "version": "2.1.0",
      "resolved": "https://registry.npmjs.org/deepcopy/-/deepcopy-2.1.0.tgz",
      "integrity": "sha512-8cZeTb1ZKC3bdSCP6XOM1IsTczIO73fdqtwa2B0N15eAz7gmyhQo+mc5gnFuulsgN3vIQYmTgbmQVKalH1dKvQ==",
      "requires": {
        "type-detect": "^4.0.8"
      }
    },
    "type-detect": {
      "version": "4.0.8",
      "resolved": "https://registry.npmjs.org/type-detect/-/type-detect-4.0.8.tgz",
      "integrity": "sha512-0fr/mIH1dlO+x7TlcMy+bIDqKPsw/70tVyeHW787goQjhmqaZe10uwLujubK9q9Lg6Fiho1KUKDYz0Z7k7g5/g=="
    },
    "typescript": {
      "version": "3.9.10",
      "resolved": "https://registry.npmjs.org/typescript/-/typescript-3.9.10.tgz",
      "integrity": "sha512-w6fIxVE/H1PkLKcCPsFqKE7Kv7QUwhU8qQY2MueZXWx5cPZdwFupLgKK3vntcK98BtNHZtAF4LA/yl2a7k8R6Q=="
    }
  }
}
